
Microsoft Visual Studio Solution File, Format Version 12.00
# Visual Studio Version 17
VisualStudioVersion = 17.1.32210.238
MinimumVisualStudioVersion = 10.0.40219.1
Project("{FAE04EC0-301F-11D3-BF4B-00C04F79EFBC}") = "Ecochase", "Ecochase.csproj", "{ED668D1E-50C2-4DDF-9B9F-38E72CEEA4B2}"
EndProject
Global
	GlobalSection(SolutionConfigurationPlatforms) = preSolution
		Debug|Any CPU = Debug|Any CPU
		Release|Any CPU = Release|Any CPU
	EndGlobalSection
	GlobalSection(ProjectConfigurationPlatforms) = postSolution
		{ED668D1E-50C2-4DDF-9B9F-38E72CEEA4B2}.Debug|Any CPU.ActiveCfg = Debug|Any CPU
		{ED668D1E-50C2-4DDF-9B9F-38E72CEEA4B2}.Debug|Any CPU.Build.0 = Debug|Any CPU
		{ED668D1E-50C2-4DDF-9B9F-38E72CEEA4B2}.Release|Any CPU.ActiveCfg = Release|Any CPU
		{ED668D1E-50C2-4DDF-9B9F-38E72CEEA4B2}.Release|Any CPU.Build.0 = Release|Any CPU
	EndGlobalSection
	GlobalSection(SolutionProperties) = preSolution
		HideSolutionNode = FALSE
	EndGlobalSection
	GlobalSection(ExtensibilityGlobals) = postSolution
		SolutionGuid = {F42D2BC1-BBFA-4FF0-B07B-1797D4B50EB9}
	EndGlobalSection
EndGlobal
